
Microsoft Visual Studio Solution File, Format Version 11.00
# Visual Studio 2010
Project("{FAE04EC0-301F-11D3-BF4B-00C04F79EFBC}") = "Bing Backgrounds", "Bing Backgrounds\Bing Backgrounds.csproj", "{7E96FE83-AC1C-4525-8822-F182CFBA17B8}"
EndProject
Global
	GlobalSection(TeamFoundationVersionControl) = preSolution
		SccNumberOfProjects = 2
		SccEnterpriseProvider = {4CA58AB2-18FA-4F8D-95D4-32DDF27D184C}
		SccTeamFoundationServer = https://atlas/tfs/windows%20phone%207
		SccLocalPath0 = .
		SccProjectUniqueName1 = Bing\u0020Backgrounds\\Bing\u0020Backgrounds.csproj
		SccProjectName1 = Bing\u0020Backgrounds
		SccLocalPath1 = Bing\u0020Backgrounds
	EndGlobalSection
	GlobalSection(SolutionConfigurationPlatforms) = preSolution
		Debug|Any CPU = Debug|Any CPU
		Release|Any CPU = Release|Any CPU
	EndGlobalSection
	GlobalSection(ProjectConfigurationPlatforms) = postSolution
		{7E96FE83-AC1C-4525-8822-F182CFBA17B8}.Debug|Any CPU.ActiveCfg = Debug|Any CPU
		{7E96FE83-AC1C-4525-8822-F182CFBA17B8}.Debug|Any CPU.Build.0 = Debug|Any CPU
		{7E96FE83-AC1C-4525-8822-F182CFBA17B8}.Debug|Any CPU.Deploy.0 = Debug|Any CPU
		{7E96FE83-AC1C-4525-8822-F182CFBA17B8}.Release|Any CPU.ActiveCfg = Release|Any CPU
		{7E96FE83-AC1C-4525-8822-F182CFBA17B8}.Release|Any CPU.Build.0 = Release|Any CPU
		{7E96FE83-AC1C-4525-8822-F182CFBA17B8}.Release|Any CPU.Deploy.0 = Release|Any CPU
	EndGlobalSection
	GlobalSection(SolutionProperties) = preSolution
		HideSolutionNode = FALSE
	EndGlobalSection
EndGlobal
